
Microsoft Visual Studio Solution File, Format Version 12.00
# Visual Studio Version 17
VisualStudioVersion = 17.3.32804.467
MinimumVisualStudioVersion = 10.0.40219.1
Project("{9A19103F-16F7-4668-BE54-9A1E7A4F7556}") = "Web", "Web\Web.csproj", "{850E9055-9F8D-4A03-BFFE-4465C84DC89C}"
EndProject
Project("{FAE04EC0-301F-11D3-BF4B-00C04F79EFBC}") = "Core", "Core\Core.csproj", "{2F1F9ADC-1372-415E-B24B-A2505376834C}"
EndProject
Global
	GlobalSection(SolutionConfigurationPlatforms) = preSolution
		Debug|Any CPU = Debug|Any CPU
		Release|Any CPU = Release|Any CPU
	EndGlobalSection
	GlobalSection(ProjectConfigurationPlatforms) = postSolution
		{850E9055-9F8D-4A03-BFFE-4465C84DC89C}.Debug|Any CPU.ActiveCfg = Debug|Any CPU
		{850E9055-9F8D-4A03-BFFE-4465C84DC89C}.Debug|Any CPU.Build.0 = Debug|Any CPU
		{850E9055-9F8D-4A03-BFFE-4465C84DC89C}.Release|Any CPU.ActiveCfg = Release|Any CPU
		{850E9055-9F8D-4A03-BFFE-4465C84DC89C}.Release|Any CPU.Build.0 = Release|Any CPU
		{2F1F9ADC-1372-415E-B24B-A2505376834C}.Debug|Any CPU.ActiveCfg = Debug|Any CPU
		{2F1F9ADC-1372-415E-B24B-A2505376834C}.Debug|Any CPU.Build.0 = Debug|Any CPU
		{2F1F9ADC-1372-415E-B24B-A2505376834C}.Release|Any CPU.ActiveCfg = Release|Any CPU
		{2F1F9ADC-1372-415E-B24B-A2505376834C}.Release|Any CPU.Build.0 = Release|Any CPU
	EndGlobalSection
	GlobalSection(SolutionProperties) = preSolution
		HideSolutionNode = FALSE
	EndGlobalSection
	GlobalSection(ExtensibilityGlobals) = postSolution
		SolutionGuid = {BCB78C2C-B9A7-4467-B318-F615265B3032}
	EndGlobalSection
EndGlobal
